// !$*UTF8*$!
{
	archiveVersion = 1;
	classes = {
	};
	objectVersion = 50;
	objects = {

/* Begin PBXBuildFile section */
		DD0DA57A25E56FFD006CAD49 /* Tests_iOS.swift in Sources */ = {isa = PBXBuildFile; fileRef = DD0DA57925E56FFD006CAD49 /* Tests_iOS.swift */; };
		DD0DA58525E56FFD006CAD49 /* Tests_macOS.swift in Sources */ = {isa = PBXBuildFile; fileRef = DD0DA58425E56FFD006CAD49 /* Tests_macOS.swift */; };
		DD0DA58725E56FFD006CAD49 /* TimerApp.swift in Sources */ = {isa = PBXBuildFile; fileRef = DD0DA55E25E56FF2006CAD49 /* TimerApp.swift */; };
		DD0DA58825E56FFD006CAD49 /* TimerApp.swift in Sources */ = {isa = PBXBuildFile; fileRef = DD0DA55E25E56FF2006CAD49 /* TimerApp.swift */; };
		DD0DA58925E56FFD006CAD49 /* ContentView.swift in Sources */ = {isa = PBXBuildFile; fileRef = DD0DA55F25E56FF2006CAD49 /* ContentView.swift */; };
		DD0DA58A25E56FFD006CAD49 /* ContentView.swift in Sources */ = {isa = PBXBuildFile; fileRef = DD0DA55F25E56FF2006CAD49 /* ContentView.swift */; };
		DD0DA58B25E56FFD006CAD49 /* Assets.xcassets in Resources */ = {isa = PBXBuildFile; fileRef = DD0DA56025E56FFD006CAD49 /* Assets.xcassets */; };
		DD0DA58C25E56FFD006CAD49 /* Assets.xcassets in Resources */ = {isa = PBXBuildFile; fileRef = DD0DA56025E56FFD006CAD49 /* Assets.xcassets */; };
/* End PBXBuildFile section */

/* Begin PBXContainerItemProxy section */
		DD0DA57625E56FFD006CAD49 /* PBXContainerItemProxy */ = {
			isa = PBXContainerItemProxy;
			containerPortal = DD0DA55925E56FF2006CAD49 /* Project object */;
			proxyType = 1;
			remoteGlobalIDString = DD0DA56425E56FFD006CAD49;
			remoteInfo = "Timer (iOS)";
		};
		DD0DA58125E56FFD006CAD49 /* PBXContainerItemProxy */ = {
			isa = PBXContainerItemProxy;
			containerPortal = DD0DA55925E56FF2006CAD49 /* Project object */;
			proxyType = 1;
			remoteGlobalIDString = DD0DA56C25E56FFD006CAD49;
			remoteInfo = "Timer (macOS)";
		};
/* End PBXContainerItemProxy section */

/* Begin PBXFileReference section */
		DD0DA55E25E56FF2006CAD49 /* TimerApp.swift */ = {isa = PBXFileReference; lastKnownFileType = sourcecode.swift; path = TimerApp.swift; sourceTree = "<group>"; };
		DD0DA55F25E56FF2006CAD49 /* ContentView.swift */ = {isa = PBXFileReference; lastKnownFileType = sourcecode.swift; path = ContentView.swift; sourceTree = "<group>"; };
		DD0DA56025E56FFD006CAD49 /* Assets.xcassets */ = {isa = PBXFileReference; lastKnownFileType = folder.assetcatalog; path = Assets.xcassets; sourceTree = "<group>"; };
		DD0DA56525E56FFD006CAD49 /* Timer.app */ = {isa = PBXFileReference; explicitFileType = wrapper.application; includeInIndex = 0; path = Timer.app; sourceTree = BUILT_PRODUCTS_DIR; };
		DD0DA56825E56FFD006CAD49 /* Info.plist */ = {isa = PBXFileReference; lastKnownFileType = text.plist.xml; path = Info.plist; sourceTree = "<group>"; };
		DD0DA56D25E56FFD006CAD49 /* Timer.app */ = {isa = PBXFileReference; explicitFileType = wrapper.application; includeInIndex = 0; path = Timer.app; sourceTree = BUILT_PRODUCTS_DIR; };
		DD0DA56F25E56FFD006CAD49 /* Info.plist */ = {isa = PBXFileReference; lastKnownFileType = text.plist.xml; path = Info.plist; sourceTree = "<group>"; };
		DD0DA57025E56FFD006CAD49 /* macOS.entitlements */ = {isa = PBXFileReference; lastKnownFileType = text.plist.entitlements; path = macOS.entitlements; sourceTree = "<group>"; };
		DD0DA57525E56FFD006CAD49 /* Tests iOS.xctest */ = {isa = PBXFileReference; explicitFileType = wrapper.cfbundle; includeInIndex = 0; path = "Tests iOS.xctest"; sourceTree = BUILT_PRODUCTS_DIR; };
		DD0DA57925E56FFD006CAD49 /* Tests_iOS.swift */ = {isa = PBXFileReference; lastKnownFileType = sourcecode.swift; path = Tests_iOS.swift; sourceTree = "<group>"; };
		DD0DA57B25E56FFD006CAD49 /* Info.plist */ = {isa = PBXFileReference; lastKnownFileType = text.plist.xml; path = Info.plist; sourceTree = "<group>"; };
		DD0DA58025E56FFD006CAD49 /* Tests macOS.xctest */ = {isa = PBXFileReference; explicitFileType = wrapper.cfbundle; includeInIndex = 0; path = "Tests macOS.xctest"; sourceTree = BUILT_PRODUCTS_DIR; };
		DD0DA58425E56FFD006CAD49 /* Tests_macOS.swift */ = {isa = PBXFileReference; lastKnownFileType = sourcecode.swift; path = Tests_macOS.swift; sourceTree = "<group>"; };
		DD0DA58625E56FFD006CAD49 /* Info.plist */ = {isa = PBXFileReference; lastKnownFileType = text.plist.xml; path = Info.plist; sourceTree = "<group>"; };
/* End PBXFileReference section */

/* Begin PBXFrameworksBuildPhase section */
		DD0DA56225E56FFD006CAD49 /* Frameworks */ = {
			isa = PBXFrameworksBuildPhase;
			buildActionMask = 2147483647;
			files = (
			);
			runOnlyForDeploymentPostprocessing = 0;
		};
		DD0DA56A25E56FFD006CAD49 /* Frameworks */ = {
			isa = PBXFrameworksBuildPhase;
			buildActionMask = 2147483647;
			files = (
			);
			runOnlyForDeploymentPostprocessing = 0;
		};
		DD0DA57225E56FFD006CAD49 /* Frameworks */ = {
			isa = PBXFrameworksBuildPhase;
			buildActionMask = 2147483647;
			files = (
			);
			runOnlyForDeploymentPostprocessing = 0;
		};
		DD0DA57D25E56FFD006CAD49 /* Frameworks */ = {
			isa = PBXFrameworksBuildPhase;
			buildActionMask = 2147483647;
			files = (
			);
			runOnlyForDeploymentPostprocessing = 0;
		};
/* End PBXFrameworksBuildPhase section */

/* Begin PBXGroup section */
		DD0DA55825E56FF2006CAD49 = {
			isa = PBXGroup;
			children = (
				DD0DA55D25E56FF2006CAD49 /* Shared */,
				DD0DA56725E56FFD006CAD49 /* iOS */,
				DD0DA56E25E56FFD006CAD49 /* macOS */,
				DD0DA57825E56FFD006CAD49 /* Tests iOS */,
				DD0DA58325E56FFD006CAD49 /* Tests macOS */,
				DD0DA56625E56FFD006CAD49 /* Products */,
			);
			sourceTree = "<group>";
		};
		DD0DA55D25E56FF2006CAD49 /* Shared */ = {
			isa = PBXGroup;
			children = (
				DD0DA55E25E56FF2006CAD49 /* TimerApp.swift */,
				DD0DA55F25E56FF2006CAD49 /* ContentView.swift */,
				DD0DA56025E56FFD006CAD49 /* Assets.xcassets */,
			);
			path = Shared;
			sourceTree = "<group>";
		};
		DD0DA56625E56FFD006CAD49 /* Products */ = {
			isa = PBXGroup;
			children = (
				DD0DA56525E56FFD006CAD49 /* Timer.app */,
				DD0DA56D25E56FFD006CAD49 /* Timer.app */,
				DD0DA57525E56FFD006CAD49 /* Tests iOS.xctest */,
				DD0DA58025E56FFD006CAD49 /* Tests macOS.xctest */,
			);
			name = Products;
			sourceTree = "<group>";
		};
		DD0DA56725E56FFD006CAD49 /* iOS */ = {
			isa = PBXGroup;
			children = (
				DD0DA56825E56FFD006CAD49 /* Info.plist */,
			);
			path = iOS;
			sourceTree = "<group>";
		};
		DD0DA56E25E56FFD006CAD49 /* macOS */ = {
			isa = PBXGroup;
			children = (
				DD0DA56F25E56FFD006CAD49 /* Info.plist */,
				DD0DA57025E56FFD006CAD49 /* macOS.entitlements */,
			);
			path = macOS;
			sourceTree = "<group>";
		};
		DD0DA57825E56FFD006CAD49 /* Tests iOS */ = {
			isa = PBXGroup;
			children = (
				DD0DA57925E56FFD006CAD49 /* Tests_iOS.swift */,
				DD0DA57B25E56FFD006CAD49 /* Info.plist */,
			);
			path = "Tests iOS";
			sourceTree = "<group>";
		};
		DD0DA58325E56FFD006CAD49 /* Tests macOS */ = {
			isa = PBXGroup;
			children = (
				DD0DA58425E56FFD006CAD49 /* Tests_macOS.swift */,
				DD0DA58625E56FFD006CAD49 /* Info.plist */,
			);
			path = "Tests macOS";
			sourceTree = "<group>";
		};
/* End PBXGroup section */

/* Begin PBXNativeTarget section */
		DD0DA56425E56FFD006CAD49 /* Timer (iOS) */ = {
			isa = PBXNativeTarget;
			buildConfigurationList = DD0DA58F25E56FFD006CAD49 /* Build configuration list for PBXNativeTarget "Timer (iOS)" */;
			buildPhases = (
				DD0DA56125E56FFD006CAD49 /* Sources */,
				DD0DA56225E56FFD006CAD49 /* Frameworks */,
				DD0DA56325E56FFD006CAD49 /* Resources */,
			);
			buildRules = (
			);
			dependencies = (
			);
			name = "Timer (iOS)";
			productName = "Timer (iOS)";
			productReference = DD0DA56525E56FFD006CAD49 /* Timer.app */;
			productType = "com.apple.product-type.application";
		};
		DD0DA56C25E56FFD006CAD49 /* Timer (macOS) */ = {
			isa = PBXNativeTarget;
			buildConfigurationList = DD0DA59225E56FFD006CAD49 /* Build configuration list for PBXNativeTarget "Timer (macOS)" */;
			buildPhases = (
				DD0DA56925E56FFD006CAD49 /* Sources */,
				DD0DA56A25E56FFD006CAD49 /* Frameworks */,
				DD0DA56B25E56FFD006CAD49 /* Resources */,
			);
			buildRules = (
			);
			dependencies = (
			);
			name = "Timer (macOS)";
			productName = "Timer (macOS)";
			productReference = DD0DA56D25E56FFD006CAD49 /* Timer.app */;
			productType = "com.apple.product-type.application";
		};
		DD0DA57425E56FFD006CAD49 /* Tests iOS */ = {
			isa = PBXNativeTarget;
			buildConfigurationList = DD0DA59525E56FFD006CAD49 /* Build configuration list for PBXNativeTarget "Tests iOS" */;
			buildPhases = (
				DD0DA57125E56FFD006CAD49 /* Sources */,
				DD0DA57225E56FFD006CAD49 /* Frameworks */,
				DD0DA57325E56FFD006CAD49 /* Resources */,
			);
			buildRules = (
			);
			dependencies = (
				DD0DA57725E56FFD006CAD49 /* PBXTargetDependency */,
			);
			name = "Tests iOS";
			productName = "Tests iOS";
			productReference = DD0DA57525E56FFD006CAD49 /* Tests iOS.xctest */;
			productType = "com.apple.product-type.bundle.ui-testing";
		};
		DD0DA57F25E56FFD006CAD49 /* Tests macOS */ = {
			isa = PBXNativeTarget;
			buildConfigurationList = DD0DA59825E56FFD006CAD49 /* Build configuration list for PBXNativeTarget "Tests macOS" */;
			buildPhases = (
				DD0DA57C25E56FFD006CAD49 /* Sources */,
				DD0DA57D25E56FFD006CAD49 /* Frameworks */,
				DD0DA57E25E56FFD006CAD49 /* Resources */,
			);
			buildRules = (
			);
			dependencies = (
				DD0DA58225E56FFD006CAD49 /* PBXTargetDependency */,
			);
			name = "Tests macOS";
			productName = "Tests macOS";
			productReference = DD0DA58025E56FFD006CAD49 /* Tests macOS.xctest */;
			productType = "com.apple.product-type.bundle.ui-testing";
		};
/* End PBXNativeTarget section */

/* Begin PBXProject section */
		DD0DA55925E56FF2006CAD49 /* Project object */ = {
			isa = PBXProject;
			attributes = {
				LastSwiftUpdateCheck = 1230;
				LastUpgradeCheck = 1230;
				TargetAttributes = {
					DD0DA56425E56FFD006CAD49 = {
						CreatedOnToolsVersion = 12.3;
					};
					DD0DA56C25E56FFD006CAD49 = {
						CreatedOnToolsVersion = 12.3;
					};
					DD0DA57425E56FFD006CAD49 = {
						CreatedOnToolsVersion = 12.3;
						TestTargetID = DD0DA56425E56FFD006CAD49;
					};
					DD0DA57F25E56FFD006CAD49 = {
						CreatedOnToolsVersion = 12.3;
						TestTargetID = DD0DA56C25E56FFD006CAD49;
					};
				};
			};
			buildConfigurationList = DD0DA55C25E56FF2006CAD49 /* Build configuration list for PBXProject "Timer" */;
			compatibilityVersion = "Xcode 9.3";
			developmentRegion = en;
			hasScannedForEncodings = 0;
			knownRegions = (
				en,
				Base,
			);
			mainGroup = DD0DA55825E56FF2006CAD49;
			productRefGroup = DD0DA56625E56FFD006CAD49 /* Products */;
			projectDirPath = "";
			projectRoot = "";
			targets = (
				DD0DA56425E56FFD006CAD49 /* Timer (iOS) */,
				DD0DA56C25E56FFD006CAD49 /* Timer (macOS) */,
				DD0DA57425E56FFD006CAD49 /* Tests iOS */,
				DD0DA57F25E56FFD006CAD49 /* Tests macOS */,
			);
		};
/* End PBXProject section */

/* Begin PBXResourcesBuildPhase section */
		DD0DA56325E56FFD006CAD49 /* Resources */ = {
			isa = PBXResourcesBuildPhase;
			buildActionMask = 2147483647;
			files = (
				DD0DA58B25E56FFD006CAD49 /* Assets.xcassets in Resources */,
			);
			runOnlyForDeploymentPostprocessing = 0;
		};
		DD0DA56B25E56FFD006CAD49 /* Resources */ = {
			isa = PBXResourcesBuildPhase;
			buildActionMask = 2147483647;
			files = (
				DD0DA58C25E56FFD006CAD49 /* Assets.xcassets in Resources */,
			);
			runOnlyForDeploymentPostprocessing = 0;
		};
		DD0DA57325E56FFD006CAD49 /* Resources */ = {
			isa = PBXResourcesBuildPhase;
			buildActionMask = 2147483647;
			files = (
			);
			runOnlyForDeploymentPostprocessing = 0;
		};
		DD0DA57E25E56FFD006CAD49 /* Resources */ = {
			isa = PBXResourcesBuildPhase;
			buildActionMask = 2147483647;
			files = (
			);
			runOnlyForDeploymentPostprocessing = 0;
		};
/* End PBXResourcesBuildPhase section */

/* Begin PBXSourcesBuildPhase section */
		DD0DA56125E56FFD006CAD49 /* Sources */ = {
			isa = PBXSourcesBuildPhase;
			buildActionMask = 2147483647;
			files = (
				DD0DA58925E56FFD006CAD49 /* ContentView.swift in Sources */,
				DD0DA58725E56FFD006CAD49 /* TimerApp.swift in Sources */,
			);
			runOnlyForDeploymentPostprocessing = 0;
		};
		DD0DA56925E56FFD006CAD49 /* Sources */ = {
			isa = PBXSourcesBuildPhase;
			buildActionMask = 2147483647;
			files = (
				DD0DA58A25E56FFD006CAD49 /* ContentView.swift in Sources */,
				DD0DA58825E56FFD006CAD49 /* TimerApp.swift in Sources */,
			);
			runOnlyForDeploymentPostprocessing = 0;
		};
		DD0DA57125E56FFD006CAD49 /* Sources */ = {
			isa = PBXSourcesBuildPhase;
			buildActionMask = 2147483647;
			files = (
				DD0DA57A25E56FFD006CAD49 /* Tests_iOS.swift in Sources */,
			);
			runOnlyForDeploymentPostprocessing = 0;
		};
		DD0DA57C25E56FFD006CAD49 /* Sources */ = {
			isa = PBXSourcesBuildPhase;
			buildActionMask = 2147483647;
			files = (
				DD0DA58525E56FFD006CAD49 /* Tests_macOS.swift in Sources */,
			);
			runOnlyForDeploymentPostprocessing = 0;
		};
/* End PBXSourcesBuildPhase section */

/* Begin PBXTargetDependency section */
		DD0DA57725E56FFD006CAD49 /* PBXTargetDependency */ = {
			isa = PBXTargetDependency;
			target = DD0DA56425E56FFD006CAD49 /* Timer (iOS) */;
			targetProxy = DD0DA57625E56FFD006CAD49 /* PBXContainerItemProxy */;
		};
		DD0DA58225E56FFD006CAD49 /* PBXTargetDependency */ = {
			isa = PBXTargetDependency;
			target = DD0DA56C25E56FFD006CAD49 /* Timer (macOS) */;
			targetProxy = DD0DA58125E56FFD006CAD49 /* PBXContainerItemProxy */;
		};
/* End PBXTargetDependency section */

/* Begin XCBuildConfiguration section */
		DD0DA58D25E56FFD006CAD49 /* Debug */ = {
			isa = XCBuildConfiguration;
			buildSettings = {
				ALWAYS_SEARCH_USER_PATHS = NO;
				CLANG_ANALYZER_NONNULL = YES;
				CLANG_ANALYZER_NUMBER_OBJECT_CONVERSION = YES_AGGRESSIVE;
				CLANG_CXX_LANGUAGE_STANDARD = "gnu++14";
				CLANG_CXX_LIBRARY = "libc++";
				CLANG_ENABLE_MODULES = YES;
				CLANG_ENABLE_OBJC_ARC = YES;
				CLANG_ENABLE_OBJC_WEAK = YES;
				CLANG_WARN_BLOCK_CAPTURE_AUTORELEASING = YES;
				CLANG_WARN_BOOL_CONVERSION = YES;
				CLANG_WARN_COMMA = YES;
				CLANG_WARN_CONSTANT_CONVERSION = YES;
				CLANG_WARN_DEPRECATED_OBJC_IMPLEMENTATIONS = YES;
				CLANG_WARN_DIRECT_OBJC_ISA_USAGE = YES_ERROR;
				CLANG_WARN_DOCUMENTATION_COMMENTS = YES;
				CLANG_WARN_EMPTY_BODY = YES;
				CLANG_WARN_ENUM_CONVERSION = YES;
				CLANG_WARN_INFINITE_RECURSION = YES;
				CLANG_WARN_INT_CONVERSION = YES;
				CLANG_WARN_NON_LITERAL_NULL_CONVERSION = YES;
				CLANG_WARN_OBJC_IMPLICIT_RETAIN_SELF = YES;
				CLANG_WARN_OBJC_LITERAL_CONVERSION = YES;
				CLANG_WARN_OBJC_ROOT_CLASS = YES_ERROR;
				CLANG_WARN_QUOTED_INCLUDE_IN_FRAMEWORK_HEADER = YES;
				CLANG_WARN_RANGE_LOOP_ANALYSIS = YES;
				CLANG_WARN_STRICT_PROTOTYPES = YES;
				CLANG_WARN_SUSPICIOUS_MOVE = YES;
				CLANG_WARN_UNGUARDED_AVAILABILITY = YES_AGGRESSIVE;
				CLANG_WARN_UNREACHABLE_CODE = YES;
				CLANG_WARN__DUPLICATE_METHOD_MATCH = YES;
				COPY_PHASE_STRIP = NO;
				DEBUG_INFORMATION_FORMAT = dwarf;
				ENABLE_STRICT_OBJC_MSGSEND = YES;
				ENABLE_TESTABILITY = YES;
				GCC_C_LANGUAGE_STANDARD = gnu11;
				GCC_DYNAMIC_NO_PIC = NO;
				GCC_NO_COMMON_BLOCKS = YES;
				GCC_OPTIMIZATION_LEVEL = 0;
				GCC_PREPROCESSOR_DEFINITIONS = (
					"DEBUG=1",
					"$(inherited)",
				);
				GCC_WARN_64_TO_32_BIT_CONVERSION = YES;
				GCC_WARN_ABOUT_RETURN_TYPE = YES_ERROR;
				GCC_WARN_UNDECLARED_SELECTOR = YES;
				GCC_WARN_UNINITIALIZED_AUTOS = YES_AGGRESSIVE;
				GCC_WARN_UNUSED_FUNCTION = YES;
				GCC_WARN_UNUSED_VARIABLE = YES;
				MTL_ENABLE_DEBUG_INFO = INCLUDE_SOURCE;
				MTL_FAST_MATH = YES;
				ONLY_ACTIVE_ARCH = YES;
				SWIFT_ACTIVE_COMPILATION_CONDITIONS = DEBUG;
				SWIFT_OPTIMIZATION_LEVEL = "-Onone";
			};
			name = Debug;
		};
		DD0DA58E25E56FFD006CAD49 /* Release */ = {
			isa = XCBuildConfiguration;
			buildSettings = {
				ALWAYS_SEARCH_USER_PATHS = NO;
				CLANG_ANALYZER_NONNULL = YES;
				CLANG_ANALYZER_NUMBER_OBJECT_CONVERSION = YES_AGGRESSIVE;
				CLANG_CXX_LANGUAGE_STANDARD = "gnu++14";
				CLANG_CXX_LIBRARY = "libc++";
				CLANG_ENABLE_MODULES = YES;
				CLANG_ENABLE_OBJC_ARC = YES;
				CLANG_ENABLE_OBJC_WEAK = YES;
				CLANG_WARN_BLOCK_CAPTURE_AUTORELEASING = YES;
				CLANG_WARN_BOOL_CONVERSION = YES;
				CLANG_WARN_COMMA = YES;
				CLANG_WARN_CONSTANT_CONVERSION = YES;
				CLANG_WARN_DEPRECATED_OBJC_IMPLEMENTATIONS = YES;
				CLANG_WARN_DIRECT_OBJC_ISA_USAGE = YES_ERROR;
				CLANG_WARN_DOCUMENTATION_COMMENTS = YES;
				CLANG_WARN_EMPTY_BODY = YES;
				CLANG_WARN_ENUM_CONVERSION = YES;
				CLANG_WARN_INFINITE_RECURSION = YES;
				CLANG_WARN_INT_CONVERSION = YES;
				CLANG_WARN_NON_LITERAL_NULL_CONVERSION = YES;
				CLANG_WARN_OBJC_IMPLICIT_RETAIN_SELF = YES;
				CLANG_WARN_OBJC_LITERAL_CONVERSION = YES;
				CLANG_WARN_OBJC_ROOT_CLASS = YES_ERROR;
				CLANG_WARN_QUOTED_INCLUDE_IN_FRAMEWORK_HEADER = YES;
				CLANG_WARN_RANGE_LOOP_ANALYSIS = YES;
				CLANG_WARN_STRICT_PROTOTYPES = YES;
				CLANG_WARN_SUSPICIOUS_MOVE = YES;
				CLANG_WARN_UNGUARDED_AVAILABILITY = YES_AGGRESSIVE;
				CLANG_WARN_UNREACHABLE_CODE = YES;
				CLANG_WARN__DUPLICATE_METHOD_MATCH = YES;
				COPY_PHASE_STRIP = NO;
				DEBUG_INFORMATION_FORMAT = "dwarf-with-dsym";
				ENABLE_NS_ASSERTIONS = NO;
				ENABLE_STRICT_OBJC_MSGSEND = YES;
				GCC_C_LANGUAGE_STANDARD = gnu11;
				GCC_NO_COMMON_BLOCKS = YES;
				GCC_WARN_64_TO_32_BIT_CONVERSION = YES;
				GCC_WARN_ABOUT_RETURN_TYPE = YES_ERROR;
				GCC_WARN_UNDECLARED_SELECTOR = YES;
				GCC_WARN_UNINITIALIZED_AUTOS = YES_AGGRESSIVE;
				GCC_WARN_UNUSED_FUNCTION = YES;
				GCC_WARN_UNUSED_VARIABLE = YES;
				MTL_ENABLE_DEBUG_INFO = NO;
				MTL_FAST_MATH = YES;
				SWIFT_COMPILATION_MODE = wholemodule;
				SWIFT_OPTIMIZATION_LEVEL = "-O";
			};
			name = Release;
		};
		DD0DA59025E56FFD006CAD49 /* Debug */ = {
			isa = XCBuildConfiguration;
			buildSettings = {
				ASSETCATALOG_COMPILER_APPICON_NAME = AppIcon;
				ASSETCATALOG_COMPILER_GLOBAL_ACCENT_COLOR_NAME = AccentColor;
				CODE_SIGN_STYLE = Automatic;
				DEVELOPMENT_TEAM = 6H5Y8ER4MT;
				ENABLE_PREVIEWS = YES;
				INFOPLIST_FILE = iOS/Info.plist;
				IPHONEOS_DEPLOYMENT_TARGET = 14.0;
				LD_RUNPATH_SEARCH_PATHS = (
					"$(inherited)",
					"@executable_path/Frameworks",
				);
				PRODUCT_BUNDLE_IDENTIFIER = comsci.Timer;
				PRODUCT_NAME = Timer;
				SDKROOT = iphoneos;
				SWIFT_VERSION = 5.0;
				TARGETED_DEVICE_FAMILY = "1,2";
			};
			name = Debug;
		};
		DD0DA59125E56FFD006CAD49 /* Release */ = {
			isa = XCBuildConfiguration;
			buildSettings = {
				ASSETCATALOG_COMPILER_APPICON_NAME = AppIcon;
				ASSETCATALOG_COMPILER_GLOBAL_ACCENT_COLOR_NAME = AccentColor;
				CODE_SIGN_STYLE = Automatic;
				DEVELOPMENT_TEAM = 6H5Y8ER4MT;
				ENABLE_PREVIEWS = YES;
				INFOPLIST_FILE = iOS/Info.plist;
				IPHONEOS_DEPLOYMENT_TARGET = 14.0;
				LD_RUNPATH_SEARCH_PATHS = (
					"$(inherited)",
					"@executable_path/Frameworks",
				);
				PRODUCT_BUNDLE_IDENTIFIER = comsci.Timer;
				PRODUCT_NAME = Timer;
				SDKROOT = iphoneos;
				SWIFT_VERSION = 5.0;
				TARGETED_DEVICE_FAMILY = "1,2";
				VALIDATE_PRODUCT = YES;
			};
			name = Release;
		};
		DD0DA59325E56FFD006CAD49 /* Debug */ = {
			isa = XCBuildConfiguration;
			buildSettings = {
				ASSETCATALOG_COMPILER_APPICON_NAME = AppIcon;
				ASSETCATALOG_COMPILER_GLOBAL_ACCENT_COLOR_NAME = AccentColor;
				CODE_SIGN_ENTITLEMENTS = macOS/macOS.entitlements;
				CODE_SIGN_STYLE = Automatic;
				COMBINE_HIDPI_IMAGES = YES;
				ENABLE_PREVIEWS = YES;
				INFOPLIST_FILE = macOS/Info.plist;
				LD_RUNPATH_SEARCH_PATHS = (
					"$(inherited)",
					"@executable_path/../Frameworks",
				);
				MACOSX_DEPLOYMENT_TARGET = 11.0;
				PRODUCT_BUNDLE_IDENTIFIER = comsci.Timer;
				PRODUCT_NAME = Timer;
				SDKROOT = macosx;
				SWIFT_VERSION = 5.0;
			};
			name = Debug;
		};
		DD0DA59425E56FFD006CAD49 /* Release */ = {
			isa = XCBuildConfiguration;
			buildSettings = {
				ASSETCATALOG_COMPILER_APPICON_NAME = AppIcon;
				ASSETCATALOG_COMPILER_GLOBAL_ACCENT_COLOR_NAME = AccentColor;
				CODE_SIGN_ENTITLEMENTS = macOS/macOS.entitlements;
				CODE_SIGN_STYLE = Automatic;
				COMBINE_HIDPI_IMAGES = YES;
				ENABLE_PREVIEWS = YES;
				INFOPLIST_FILE = macOS/Info.plist;
				LD_RUNPATH_SEARCH_PATHS = (
					"$(inherited)",
					"@executable_path/../Frameworks",
				);
				MACOSX_DEPLOYMENT_TARGET = 11.0;
				PRODUCT_BUNDLE_IDENTIFIER = comsci.Timer;
				PRODUCT_NAME = Timer;
				SDKROOT = macosx;
				SWIFT_VERSION = 5.0;
			};
			name = Release;
		};
		DD0DA59625E56FFD006CAD49 /* Debug */ = {
			isa = XCBuildConfiguration;
			buildSettings = {
				ALWAYS_EMBED_SWIFT_STANDARD_LIBRARIES = YES;
				CODE_SIGN_STYLE = Automatic;
				INFOPLIST_FILE = "Tests iOS/Info.plist";
				IPHONEOS_DEPLOYMENT_TARGET = 14.3;
				LD_RUNPATH_SEARCH_PATHS = (
					"$(inherited)",
					"@executable_path/Frameworks",
					"@loader_path/Frameworks",
				);
				PRODUCT_BUNDLE_IDENTIFIER = "comsci.Tests-iOS";
				PRODUCT_NAME = "$(TARGET_NAME)";
				SDKROOT = iphoneos;
				SWIFT_VERSION = 5.0;
				TARGETED_DEVICE_FAMILY = "1,2";
				TEST_TARGET_NAME = "Timer (iOS)";
			};
			name = Debug;
		};
		DD0DA59725E56FFD006CAD49 /* Release */ = {
			isa = XCBuildConfiguration;
			buildSettings = {
				ALWAYS_EMBED_SWIFT_STANDARD_LIBRARIES = YES;
				CODE_SIGN_STYLE = Automatic;
				INFOPLIST_FILE = "Tests iOS/Info.plist";
				IPHONEOS_DEPLOYMENT_TARGET = 14.3;
				LD_RUNPATH_SEARCH_PATHS = (
					"$(inherited)",
					"@executable_path/Frameworks",
					"@loader_path/Frameworks",
				);
				PRODUCT_BUNDLE_IDENTIFIER = "comsci.Tests-iOS";
				PRODUCT_NAME = "$(TARGET_NAME)";
				SDKROOT = iphoneos;
				SWIFT_VERSION = 5.0;
				TARGETED_DEVICE_FAMILY = "1,2";
				TEST_TARGET_NAME = "Timer (iOS)";
				VALIDATE_PRODUCT = YES;
			};
			name = Release;
		};
		DD0DA59925E56FFD006CAD49 /* Debug */ = {
			isa = XCBuildConfiguration;
			buildSettings = {
				ALWAYS_EMBED_SWIFT_STANDARD_LIBRARIES = YES;
				CODE_SIGN_STYLE = Automatic;
				COMBINE_HIDPI_IMAGES = YES;
				INFOPLIST_FILE = "Tests macOS/Info.plist";
				LD_RUNPATH_SEARCH_PATHS = (
					"$(inherited)",
					"@executable_path/../Frameworks",
					"@loader_path/../Frameworks",
				);
				MACOSX_DEPLOYMENT_TARGET = 11.1;
				PRODUCT_BUNDLE_IDENTIFIER = "comsci.Tests-macOS";
				PRODUCT_NAME = "$(TARGET_NAME)";
				SDKROOT = macosx;
				SWIFT_VERSION = 5.0;
				TEST_TARGET_NAME = "Timer (macOS)";
			};
			name = Debug;
		};
		DD0DA59A25E56FFD006CAD49 /* Release */ = {
			isa = XCBuildConfiguration;
			buildSettings = {
				ALWAYS_EMBED_SWIFT_STANDARD_LIBRARIES = YES;
				CODE_SIGN_STYLE = Automatic;
				COMBINE_HIDPI_IMAGES = YES;
				INFOPLIST_FILE = "Tests macOS/Info.plist";
				LD_RUNPATH_SEARCH_PATHS = (
					"$(inherited)",
					"@executable_path/../Frameworks",
					"@loader_path/../Frameworks",
				);
				MACOSX_DEPLOYMENT_TARGET = 11.1;
				PRODUCT_BUNDLE_IDENTIFIER = "comsci.Tests-macOS";
				PRODUCT_NAME = "$(TARGET_NAME)";
				SDKROOT = macosx;
				SWIFT_VERSION = 5.0;
				TEST_TARGET_NAME = "Timer (macOS)";
			};
			name = Release;
		};
/* End XCBuildConfiguration section */

/* Begin XCConfigurationList section */
		DD0DA55C25E56FF2006CAD49 /* Build configuration list for PBXProject "Timer" */ = {
			isa = XCConfigurationList;
			buildConfigurations = (
				DD0DA58D25E56FFD006CAD49 /* Debug */,
				DD0DA58E25E56FFD006CAD49 /* Release */,
			);
			defaultConfigurationIsVisible = 0;
			defaultConfigurationName = Release;
		};
		DD0DA58F25E56FFD006CAD49 /* Build configuration list for PBXNativeTarget "Timer (iOS)" */ = {
			isa = XCConfigurationList;
			buildConfigurations = (
				DD0DA59025E56FFD006CAD49 /* Debug */,
				DD0DA59125E56FFD006CAD49 /* Release */,
			);
			defaultConfigurationIsVisible = 0;
			defaultConfigurationName = Release;
		};
		DD0DA59225E56FFD006CAD49 /* Build configuration list for PBXNativeTarget "Timer (macOS)" */ = {
			isa = XCConfigurationList;
			buildConfigurations = (
				DD0DA59325E56FFD006CAD49 /* Debug */,
				DD0DA59425E56FFD006CAD49 /* Release */,
			);
			defaultConfigurationIsVisible = 0;
			defaultConfigurationName = Release;
		};
		DD0DA59525E56FFD006CAD49 /* Build configuration list for PBXNativeTarget "Tests iOS" */ = {
			isa = XCConfigurationList;
			buildConfigurations = (
				DD0DA59625E56FFD006CAD49 /* Debug */,
				DD0DA59725E56FFD006CAD49 /* Release */,
			);
			defaultConfigurationIsVisible = 0;
			defaultConfigurationName = Release;
		};
		DD0DA59825E56FFD006CAD49 /* Build configuration list for PBXNativeTarget "Tests macOS" */ = {
			isa = XCConfigurationList;
			buildConfigurations = (
				DD0DA59925E56FFD006CAD49 /* Debug */,
				DD0DA59A25E56FFD006CAD49 /* Release */,
			);
			defaultConfigurationIsVisible = 0;
			defaultConfigurationName = Release;
		};
/* End XCConfigurationList section */
	};
	rootObject = DD0DA55925E56FF2006CAD49 /* Project object */;
}
